
Microsoft Visual Studio Solution File, Format Version 12.00
# Visual Studio Version 17
VisualStudioVersion = 17.10.35122.118
MinimumVisualStudioVersion = 10.0.40219.1
Project("{FAE04EC0-301F-11D3-BF4B-00C04F79EFBC}") = "ExercicioGit", "ExercicioGit.csproj", "{BEBFFC52-109C-47AD-8748-1BBBB5F27BB2}"
EndProject
Global
	GlobalSection(SolutionConfigurationPlatforms) = preSolution
		Debug|Any CPU = Debug|Any CPU
		Release|Any CPU = Release|Any CPU
	EndGlobalSection
	GlobalSection(ProjectConfigurationPlatforms) = postSolution
		{BEBFFC52-109C-47AD-8748-1BBBB5F27BB2}.Debug|Any CPU.ActiveCfg = Debug|Any CPU
		{BEBFFC52-109C-47AD-8748-1BBBB5F27BB2}.Debug|Any CPU.Build.0 = Debug|Any CPU
		{BEBFFC52-109C-47AD-8748-1BBBB5F27BB2}.Release|Any CPU.ActiveCfg = Release|Any CPU
		{BEBFFC52-109C-47AD-8748-1BBBB5F27BB2}.Release|Any CPU.Build.0 = Release|Any CPU
	EndGlobalSection
	GlobalSection(SolutionProperties) = preSolution
		HideSolutionNode = FALSE
	EndGlobalSection
	GlobalSection(ExtensibilityGlobals) = postSolution
		SolutionGuid = {14F6C90D-BB76-40BE-AAD5-5BADA55A39E6}
	EndGlobalSection
EndGlobal
